# THIS IS AN AUTOGENERATED FILE. DO NOT EDIT THIS FILE DIRECTLY.
# yarn lockfile v1


barrkeep@^2.4.0:
  version "2.4.0"
  resolved "https://registry.yarnpkg.com/barrkeep/-/barrkeep-2.4.0.tgz#1fb16e4028ff90be77e907d8205a9f2ba6bdbe0a"
  integrity sha512-vn5fjRW2HIKQl93MHYHlwEcaqKFdfVagr4egS9ldabCmo36JmrA10pmgxJGF1/U8PvK0tuJ8ZhmrgCLdlnGGRA==
